
Microsoft Visual Studio Solution File, Format Version 12.00
# Visual Studio Version 17
VisualStudioVersion = 17.3.32825.248
MinimumVisualStudioVersion = 10.0.40219.1
Project("{8BC9CEB8-8B4A-11D0-8D11-00A0C91BC942}") = "Your Name", "Your Name.vcxproj", "{A5F7CFAB-4214-4CB9-9230-9E00723AF60F}"
EndProject
Global
	GlobalSection(SolutionConfigurationPlatforms) = preSolution
		Debug|x64 = Debug|x64
		Debug|x86 = Debug|x86
		Release|x64 = Release|x64
		Release|x86 = Release|x86
	EndGlobalSection
	GlobalSection(ProjectConfigurationPlatforms) = postSolution
		{A5F7CFAB-4214-4CB9-9230-9E00723AF60F}.Debug|x64.ActiveCfg = Debug|x64
		{A5F7CFAB-4214-4CB9-9230-9E00723AF60F}.Debug|x64.Build.0 = Debug|x64
		{A5F7CFAB-4214-4CB9-9230-9E00723AF60F}.Debug|x86.ActiveCfg = Debug|Win32
		{A5F7CFAB-4214-4CB9-9230-9E00723AF60F}.Debug|x86.Build.0 = Debug|Win32
		{A5F7CFAB-4214-4CB9-9230-9E00723AF60F}.Release|x64.ActiveCfg = Release|x64
		{A5F7CFAB-4214-4CB9-9230-9E00723AF60F}.Release|x64.Build.0 = Release|x64
		{A5F7CFAB-4214-4CB9-9230-9E00723AF60F}.Release|x86.ActiveCfg = Release|Win32
		{A5F7CFAB-4214-4CB9-9230-9E00723AF60F}.Release|x86.Build.0 = Release|Win32
	EndGlobalSection
	GlobalSection(SolutionProperties) = preSolution
		HideSolutionNode = FALSE
	EndGlobalSection
	GlobalSection(ExtensibilityGlobals) = postSolution
		SolutionGuid = {0AB94D2B-5F66-4709-BCF3-6936465657EC}
	EndGlobalSection
EndGlobal
